// !$*UTF8*$!
{
	archiveVersion = 1;
	classes = {
	};
	objectVersion = 46;
	objects = {

/* Begin PBXBuildFile section */
		1E34EC2F1BC96D6100AE67D8 /* main.m in Sources */ = {isa = PBXBuildFile; fileRef = 1E34EC2E1BC96D6100AE67D8 /* main.m */; };
		1E34EC321BC96D6100AE67D8 /* AppDelegate.m in Sources */ = {isa = PBXBuildFile; fileRef = 1E34EC311BC96D6100AE67D8 /* AppDelegate.m */; };
		1E34EC381BC96D6100AE67D8 /* Main.storyboard in Resources */ = {isa = PBXBuildFile; fileRef = 1E34EC361BC96D6100AE67D8 /* Main.storyboard */; };
		1E34EC3A1BC96D6100AE67D8 /* Assets.xcassets in Resources */ = {isa = PBXBuildFile; fileRef = 1E34EC391BC96D6100AE67D8 /* Assets.xcassets */; };
		1E5C847C1BD3EF1E00593B96 /* CitizenController.m in Sources */ = {isa = PBXBuildFile; fileRef = 1E5C847B1BD3EF1E00593B96 /* CitizenController.m */; settings = {ASSET_TAGS = (); }; };
		1E5C847F1BD3EF3900593B96 /* PropertyController.m in Sources */ = {isa = PBXBuildFile; fileRef = 1E5C847E1BD3EF3900593B96 /* PropertyController.m */; settings = {ASSET_TAGS = (); }; };
		1E5C84821BD3EF6100593B96 /* CadastreAreaController.m in Sources */ = {isa = PBXBuildFile; fileRef = 1E5C84811BD3EF6100593B96 /* CadastreAreaController.m */; settings = {ASSET_TAGS = (); }; };
		1E5C84851BD3EF7100593B96 /* PropertyListController.m in Sources */ = {isa = PBXBuildFile; fileRef = 1E5C84841BD3EF7100593B96 /* PropertyListController.m */; settings = {ASSET_TAGS = (); }; };
		1E5C848F1BD4139100593B96 /* SearchController.m in Sources */ = {isa = PBXBuildFile; fileRef = 1E5C848E1BD4139100593B96 /* SearchController.m */; settings = {ASSET_TAGS = (); }; };
		1E5C84951BD4225C00593B96 /* CadastreAreaNodeByName.m in Sources */ = {isa = PBXBuildFile; fileRef = 1E5C84941BD4225C00593B96 /* CadastreAreaNodeByName.m */; settings = {ASSET_TAGS = (); }; };
		1E5C84981BD4261100593B96 /* CadastreAreaNodeByNumber.m in Sources */ = {isa = PBXBuildFile; fileRef = 1E5C84971BD4261100593B96 /* CadastreAreaNodeByNumber.m */; settings = {ASSET_TAGS = (); }; };
		1E5C849B1BD458A300593B96 /* CitizenDetailController.m in Sources */ = {isa = PBXBuildFile; fileRef = 1E5C849A1BD458A300593B96 /* CitizenDetailController.m */; settings = {ASSET_TAGS = (); }; };
		1E769B571BD7E2FD007BEE42 /* CSVLoader.m in Sources */ = {isa = PBXBuildFile; fileRef = 1E769B561BD7E2FD007BEE42 /* CSVLoader.m */; settings = {ASSET_TAGS = (); }; };
		1E769B5E1BD85B3C007BEE42 /* CadastreAreaDetailController.m in Sources */ = {isa = PBXBuildFile; fileRef = 1E769B5D1BD85B3C007BEE42 /* CadastreAreaDetailController.m */; settings = {ASSET_TAGS = (); }; };
		1EEBCDDD1BC9720D00809DC2 /* BSNode.m in Sources */ = {isa = PBXBuildFile; fileRef = 1EEBCDCD1BC9720D00809DC2 /* BSNode.m */; settings = {ASSET_TAGS = (); }; };
		1EEBCDDE1BC9720D00809DC2 /* BSTree.m in Sources */ = {isa = PBXBuildFile; fileRef = 1EEBCDD01BC9720D00809DC2 /* BSTree.m */; settings = {ASSET_TAGS = (); }; };
		1EEBCDDF1BC9720D00809DC2 /* LinkedList.m in Sources */ = {isa = PBXBuildFile; fileRef = 1EEBCDD21BC9720D00809DC2 /* LinkedList.m */; settings = {ASSET_TAGS = (); }; };
		1EEBCDE01BC9720D00809DC2 /* LLNode.m in Sources */ = {isa = PBXBuildFile; fileRef = 1EEBCDD41BC9720D00809DC2 /* LLNode.m */; settings = {ASSET_TAGS = (); }; };
		1EEBCDE11BC9720D00809DC2 /* Citizen.m in Sources */ = {isa = PBXBuildFile; fileRef = 1EEBCDD61BC9720D00809DC2 /* Citizen.m */; settings = {ASSET_TAGS = (); }; };
		1EEBCDE21BC9720D00809DC2 /* TestObject.m in Sources */ = {isa = PBXBuildFile; fileRef = 1EEBCDD81BC9720D00809DC2 /* TestObject.m */; settings = {ASSET_TAGS = (); }; };
		1EEBCDE31BC9720D00809DC2 /* Treap.m in Sources */ = {isa = PBXBuildFile; fileRef = 1EEBCDDA1BC9720D00809DC2 /* Treap.m */; settings = {ASSET_TAGS = (); }; };
		1EEBCDE41BC9720D00809DC2 /* TreapNode.m in Sources */ = {isa = PBXBuildFile; fileRef = 1EEBCDDC1BC9720D00809DC2 /* TreapNode.m */; settings = {ASSET_TAGS = (); }; };
		1EEBCDEC1BC97A0B00809DC2 /* Property.m in Sources */ = {isa = PBXBuildFile; fileRef = 1EEBCDEB1BC97A0B00809DC2 /* Property.m */; settings = {ASSET_TAGS = (); }; };
		1EEBCDEF1BC97A6400809DC2 /* CadastreArea.m in Sources */ = {isa = PBXBuildFile; fileRef = 1EEBCDEE1BC97A6400809DC2 /* CadastreArea.m */; settings = {ASSET_TAGS = (); }; };
		1EEBCDF21BC97A8200809DC2 /* Cadastre.m in Sources */ = {isa = PBXBuildFile; fileRef = 1EEBCDF11BC97A8200809DC2 /* Cadastre.m */; settings = {ASSET_TAGS = (); }; };
		1EEBCDF51BC97A9300809DC2 /* Shareholding.m in Sources */ = {isa = PBXBuildFile; fileRef = 1EEBCDF41BC97A9300809DC2 /* Shareholding.m */; settings = {ASSET_TAGS = (); }; };
		1EEBCDF81BC97AAF00809DC2 /* PropertyList.m in Sources */ = {isa = PBXBuildFile; fileRef = 1EEBCDF71BC97AAF00809DC2 /* PropertyList.m */; settings = {ASSET_TAGS = (); }; };
/* End PBXBuildFile section */

/* Begin PBXFileReference section */
		1E34EC2A1BC96D6100AE67D8 /* cadastre.app */ = {isa = PBXFileReference; explicitFileType = wrapper.application; includeInIndex = 0; path = cadastre.app; sourceTree = BUILT_PRODUCTS_DIR; };
		1E34EC2E1BC96D6100AE67D8 /* main.m */ = {isa = PBXFileReference; lastKnownFileType = sourcecode.c.objc; path = main.m; sourceTree = "<group>"; };
		1E34EC301BC96D6100AE67D8 /* AppDelegate.h */ = {isa = PBXFileReference; lastKnownFileType = sourcecode.c.h; path = AppDelegate.h; sourceTree = "<group>"; };
		1E34EC311BC96D6100AE67D8 /* AppDelegate.m */ = {isa = PBXFileReference; lastKnownFileType = sourcecode.c.objc; path = AppDelegate.m; sourceTree = "<group>"; };
		1E34EC371BC96D6100AE67D8 /* Base */ = {isa = PBXFileReference; lastKnownFileType = file.storyboard; name = Base; path = Base.lproj/Main.storyboard; sourceTree = "<group>"; };
		1E34EC391BC96D6100AE67D8 /* Assets.xcassets */ = {isa = PBXFileReference; lastKnownFileType = folder.assetcatalog; path = Assets.xcassets; sourceTree = "<group>"; };
		1E34EC3E1BC96D6100AE67D8 /* Info.plist */ = {isa = PBXFileReference; lastKnownFileType = text.plist.xml; path = Info.plist; sourceTree = "<group>"; };
		1E5C847A1BD3EF1E00593B96 /* CitizenController.h */ = {isa = PBXFileReference; fileEncoding = 4; lastKnownFileType = sourcecode.c.h; path = CitizenController.h; sourceTree = "<group>"; };
		1E5C847B1BD3EF1E00593B96 /* CitizenController.m */ = {isa = PBXFileReference; fileEncoding = 4; lastKnownFileType = sourcecode.c.objc; path = CitizenController.m; sourceTree = "<group>"; };
		1E5C847D1BD3EF3900593B96 /* PropertyController.h */ = {isa = PBXFileReference; fileEncoding = 4; lastKnownFileType = sourcecode.c.h; path = PropertyController.h; sourceTree = "<group>"; };
		1E5C847E1BD3EF3900593B96 /* PropertyController.m */ = {isa = PBXFileReference; fileEncoding = 4; lastKnownFileType = sourcecode.c.objc; path = PropertyController.m; sourceTree = "<group>"; };
		1E5C84801BD3EF6100593B96 /* CadastreAreaController.h */ = {isa = PBXFileReference; fileEncoding = 4; lastKnownFileType = sourcecode.c.h; path = CadastreAreaController.h; sourceTree = "<group>"; };
		1E5C84811BD3EF6100593B96 /* CadastreAreaController.m */ = {isa = PBXFileReference; fileEncoding = 4; lastKnownFileType = sourcecode.c.objc; path = CadastreAreaController.m; sourceTree = "<group>"; };
		1E5C84831BD3EF7100593B96 /* PropertyListController.h */ = {isa = PBXFileReference; fileEncoding = 4; lastKnownFileType = sourcecode.c.h; path = PropertyListController.h; sourceTree = "<group>"; };
		1E5C84841BD3EF7100593B96 /* PropertyListController.m */ = {isa = PBXFileReference; fileEncoding = 4; lastKnownFileType = sourcecode.c.objc; path = PropertyListController.m; sourceTree = "<group>"; };
		1E5C848D1BD4139100593B96 /* SearchController.h */ = {isa = PBXFileReference; fileEncoding = 4; lastKnownFileType = sourcecode.c.h; path = SearchController.h; sourceTree = "<group>"; };
		1E5C848E1BD4139100593B96 /* SearchController.m */ = {isa = PBXFileReference; fileEncoding = 4; lastKnownFileType = sourcecode.c.objc; path = SearchController.m; sourceTree = "<group>"; };
		1E5C84931BD4225C00593B96 /* CadastreAreaNodeByName.h */ = {isa = PBXFileReference; fileEncoding = 4; lastKnownFileType = sourcecode.c.h; path = CadastreAreaNodeByName.h; sourceTree = "<group>"; };
		1E5C84941BD4225C00593B96 /* CadastreAreaNodeByName.m */ = {isa = PBXFileReference; fileEncoding = 4; lastKnownFileType = sourcecode.c.objc; path = CadastreAreaNodeByName.m; sourceTree = "<group>"; };
		1E5C84961BD4261100593B96 /* CadastreAreaNodeByNumber.h */ = {isa = PBXFileReference; fileEncoding = 4; lastKnownFileType = sourcecode.c.h; path = CadastreAreaNodeByNumber.h; sourceTree = "<group>"; };
		1E5C84971BD4261100593B96 /* CadastreAreaNodeByNumber.m */ = {isa = PBXFileReference; fileEncoding = 4; lastKnownFileType = sourcecode.c.objc; path = CadastreAreaNodeByNumber.m; sourceTree = "<group>"; };
		1E5C84991BD458A300593B96 /* CitizenDetailController.h */ = {isa = PBXFileReference; fileEncoding = 4; lastKnownFileType = sourcecode.c.h; path = CitizenDetailController.h; sourceTree = "<group>"; };
		1E5C849A1BD458A300593B96 /* CitizenDetailController.m */ = {isa = PBXFileReference; fileEncoding = 4; lastKnownFileType = sourcecode.c.objc; path = CitizenDetailController.m; sourceTree = "<group>"; };
		1E769B551BD7E2FD007BEE42 /* CSVLoader.h */ = {isa = PBXFileReference; fileEncoding = 4; lastKnownFileType = sourcecode.c.h; path = CSVLoader.h; sourceTree = "<group>"; };
		1E769B561BD7E2FD007BEE42 /* CSVLoader.m */ = {isa = PBXFileReference; fileEncoding = 4; lastKnownFileType = sourcecode.c.objc; path = CSVLoader.m; sourceTree = "<group>"; };
		1E769B5C1BD85B3C007BEE42 /* CadastreAreaDetailController.h */ = {isa = PBXFileReference; fileEncoding = 4; lastKnownFileType = sourcecode.c.h; path = CadastreAreaDetailController.h; sourceTree = "<group>"; };
		1E769B5D1BD85B3C007BEE42 /* CadastreAreaDetailController.m */ = {isa = PBXFileReference; fileEncoding = 4; lastKnownFileType = sourcecode.c.objc; path = CadastreAreaDetailController.m; sourceTree = "<group>"; };
		1EEBCDCC1BC9720D00809DC2 /* BSNode.h */ = {isa = PBXFileReference; fileEncoding = 4; lastKnownFileType = sourcecode.c.h; path = BSNode.h; sourceTree = "<group>"; };
		1EEBCDCD1BC9720D00809DC2 /* BSNode.m */ = {isa = PBXFileReference; fileEncoding = 4; lastKnownFileType = sourcecode.c.objc; path = BSNode.m; sourceTree = "<group>"; };
		1EEBCDCE1BC9720D00809DC2 /* BSNodeData.h */ = {isa = PBXFileReference; fileEncoding = 4; lastKnownFileType = sourcecode.c.h; path = BSNodeData.h; sourceTree = "<group>"; };
		1EEBCDCF1BC9720D00809DC2 /* BSTree.h */ = {isa = PBXFileReference; fileEncoding = 4; lastKnownFileType = sourcecode.c.h; path = BSTree.h; sourceTree = "<group>"; };
		1EEBCDD01BC9720D00809DC2 /* BSTree.m */ = {isa = PBXFileReference; fileEncoding = 4; lastKnownFileType = sourcecode.c.objc; path = BSTree.m; sourceTree = "<group>"; };
		1EEBCDD11BC9720D00809DC2 /* LinkedList.h */ = {isa = PBXFileReference; fileEncoding = 4; lastKnownFileType = sourcecode.c.h; path = LinkedList.h; sourceTree = "<group>"; };
		1EEBCDD21BC9720D00809DC2 /* LinkedList.m */ = {isa = PBXFileReference; fileEncoding = 4; lastKnownFileType = sourcecode.c.objc; path = LinkedList.m; sourceTree = "<group>"; };
		1EEBCDD31BC9720D00809DC2 /* LLNode.h */ = {isa = PBXFileReference; fileEncoding = 4; lastKnownFileType = sourcecode.c.h; path = LLNode.h; sourceTree = "<group>"; };
		1EEBCDD41BC9720D00809DC2 /* LLNode.m */ = {isa = PBXFileReference; fileEncoding = 4; lastKnownFileType = sourcecode.c.objc; path = LLNode.m; sourceTree = "<group>"; };
		1EEBCDD51BC9720D00809DC2 /* Citizen.h */ = {isa = PBXFileReference; fileEncoding = 4; lastKnownFileType = sourcecode.c.h; path = Citizen.h; sourceTree = "<group>"; };
		1EEBCDD61BC9720D00809DC2 /* Citizen.m */ = {isa = PBXFileReference; fileEncoding = 4; lastKnownFileType = sourcecode.c.objc; path = Citizen.m; sourceTree = "<group>"; };
		1EEBCDD71BC9720D00809DC2 /* TestObject.h */ = {isa = PBXFileReference; fileEncoding = 4; lastKnownFileType = sourcecode.c.h; path = TestObject.h; sourceTree = "<group>"; };
		1EEBCDD81BC9720D00809DC2 /* TestObject.m */ = {isa = PBXFileReference; fileEncoding = 4; lastKnownFileType = sourcecode.c.objc; path = TestObject.m; sourceTree = "<group>"; };
		1EEBCDD91BC9720D00809DC2 /* Treap.h */ = {isa = PBXFileReference; fileEncoding = 4; lastKnownFileType = sourcecode.c.h; path = Treap.h; sourceTree = "<group>"; };
		1EEBCDDA1BC9720D00809DC2 /* Treap.m */ = {isa = PBXFileReference; fileEncoding = 4; lastKnownFileType = sourcecode.c.objc; path = Treap.m; sourceTree = "<group>"; };
		1EEBCDDB1BC9720D00809DC2 /* TreapNode.h */ = {isa = PBXFileReference; fileEncoding = 4; lastKnownFileType = sourcecode.c.h; path = TreapNode.h; sourceTree = "<group>"; };
		1EEBCDDC1BC9720D00809DC2 /* TreapNode.m */ = {isa = PBXFileReference; fileEncoding = 4; lastKnownFileType = sourcecode.c.objc; path = TreapNode.m; sourceTree = "<group>"; };
		1EEBCDEA1BC97A0B00809DC2 /* Property.h */ = {isa = PBXFileReference; fileEncoding = 4; lastKnownFileType = sourcecode.c.h; path = Property.h; sourceTree = "<group>"; };
		1EEBCDEB1BC97A0B00809DC2 /* Property.m */ = {isa = PBXFileReference; fileEncoding = 4; lastKnownFileType = sourcecode.c.objc; path = Property.m; sourceTree = "<group>"; };
		1EEBCDED1BC97A6400809DC2 /* CadastreArea.h */ = {isa = PBXFileReference; fileEncoding = 4; lastKnownFileType = sourcecode.c.h; path = CadastreArea.h; sourceTree = "<group>"; };
		1EEBCDEE1BC97A6400809DC2 /* CadastreArea.m */ = {isa = PBXFileReference; fileEncoding = 4; lastKnownFileType = sourcecode.c.objc; path = CadastreArea.m; sourceTree = "<group>"; };
		1EEBCDF01BC97A8200809DC2 /* Cadastre.h */ = {isa = PBXFileReference; fileEncoding = 4; lastKnownFileType = sourcecode.c.h; path = Cadastre.h; sourceTree = "<group>"; };
		1EEBCDF11BC97A8200809DC2 /* Cadastre.m */ = {isa = PBXFileReference; fileEncoding = 4; lastKnownFileType = sourcecode.c.objc; path = Cadastre.m; sourceTree = "<group>"; };
		1EEBCDF31BC97A9300809DC2 /* Shareholding.h */ = {isa = PBXFileReference; fileEncoding = 4; lastKnownFileType = sourcecode.c.h; path = Shareholding.h; sourceTree = "<group>"; };
		1EEBCDF41BC97A9300809DC2 /* Shareholding.m */ = {isa = PBXFileReference; fileEncoding = 4; lastKnownFileType = sourcecode.c.objc; path = Shareholding.m; sourceTree = "<group>"; };
		1EEBCDF61BC97AAF00809DC2 /* PropertyList.h */ = {isa = PBXFileReference; fileEncoding = 4; lastKnownFileType = sourcecode.c.h; path = PropertyList.h; sourceTree = "<group>"; };
		1EEBCDF71BC97AAF00809DC2 /* PropertyList.m */ = {isa = PBXFileReference; fileEncoding = 4; lastKnownFileType = sourcecode.c.objc; path = PropertyList.m; sourceTree = "<group>"; };
/* End PBXFileReference section */

/* Begin PBXFrameworksBuildPhase section */
		1E34EC271BC96D6100AE67D8 /* Frameworks */ = {
			isa = PBXFrameworksBuildPhase;
			buildActionMask = 2147483647;
			files = (
			);
			runOnlyForDeploymentPostprocessing = 0;
		};
/* End PBXFrameworksBuildPhase section */

/* Begin PBXGroup section */
		1E34EC211BC96D6100AE67D8 = {
			isa = PBXGroup;
			children = (
				1E34EC2C1BC96D6100AE67D8 /* cadastre */,
				1E34EC2B1BC96D6100AE67D8 /* Products */,
			);
			sourceTree = "<group>";
		};
		1E34EC2B1BC96D6100AE67D8 /* Products */ = {
			isa = PBXGroup;
			children = (
				1E34EC2A1BC96D6100AE67D8 /* cadastre.app */,
			);
			name = Products;
			sourceTree = "<group>";
		};
		1E34EC2C1BC96D6100AE67D8 /* cadastre */ = {
			isa = PBXGroup;
			children = (
				1E34EC441BC9703B00AE67D8 /* Application */,
				1EEBCDE91BC9728200809DC2 /* Structures */,
				1EEBCDE61BC9725700809DC2 /* Model */,
				1E34EC451BC9704200AE67D8 /* Controller */,
				1E34EC461BC9704900AE67D8 /* View */,
				1E34EC2D1BC96D6100AE67D8 /* Supporting Files */,
			);
			path = cadastre;
			sourceTree = "<group>";
		};
		1E34EC2D1BC96D6100AE67D8 /* Supporting Files */ = {
			isa = PBXGroup;
			children = (
				1E769B581BD7E301007BEE42 /* CSV */,
				1E34EC3E1BC96D6100AE67D8 /* Info.plist */,
				1E34EC2E1BC96D6100AE67D8 /* main.m */,
			);
			name = "Supporting Files";
			sourceTree = "<group>";
		};
		1E34EC441BC9703B00AE67D8 /* Application */ = {
			isa = PBXGroup;
			children = (
				1E34EC301BC96D6100AE67D8 /* AppDelegate.h */,
				1E34EC311BC96D6100AE67D8 /* AppDelegate.m */,
			);
			name = Application;
			sourceTree = "<group>";
		};
		1E34EC451BC9704200AE67D8 /* Controller */ = {
			isa = PBXGroup;
			children = (
				1E5C848C1BD3EFE100593B96 /* Citizen */,
				1E5C848A1BD3EFCE00593B96 /* Cadastre area */,
				1E5C84891BD3EFC700593B96 /* Property */,
				1E5C848B1BD3EFD500593B96 /* Property List */,
				1E5C84901BD41FCF00593B96 /* Search */,
			);
			name = Controller;
			sourceTree = "<group>";
		};
		1E34EC461BC9704900AE67D8 /* View */ = {
			isa = PBXGroup;
			children = (
				1E34EC361BC96D6100AE67D8 /* Main.storyboard */,
				1E34EC391BC96D6100AE67D8 /* Assets.xcassets */,
			);
			name = View;
			sourceTree = "<group>";
		};
		1E5C84891BD3EFC700593B96 /* Property */ = {
			isa = PBXGroup;
			children = (
				1E5C847D1BD3EF3900593B96 /* PropertyController.h */,
				1E5C847E1BD3EF3900593B96 /* PropertyController.m */,
			);
			name = Property;
			sourceTree = "<group>";
		};
		1E5C848A1BD3EFCE00593B96 /* Cadastre area */ = {
			isa = PBXGroup;
			children = (
				1E5C84801BD3EF6100593B96 /* CadastreAreaController.h */,
				1E5C84811BD3EF6100593B96 /* CadastreAreaController.m */,
				1E769B5C1BD85B3C007BEE42 /* CadastreAreaDetailController.h */,
				1E769B5D1BD85B3C007BEE42 /* CadastreAreaDetailController.m */,
			);
			name = "Cadastre area";
			sourceTree = "<group>";
		};
		1E5C848B1BD3EFD500593B96 /* Property List */ = {
			isa = PBXGroup;
			children = (
				1E5C84831BD3EF7100593B96 /* PropertyListController.h */,
				1E5C84841BD3EF7100593B96 /* PropertyListController.m */,
			);
			name = "Property List";
			sourceTree = "<group>";
		};
		1E5C848C1BD3EFE100593B96 /* Citizen */ = {
			isa = PBXGroup;
			children = (
				1E5C847A1BD3EF1E00593B96 /* CitizenController.h */,
				1E5C847B1BD3EF1E00593B96 /* CitizenController.m */,
				1E5C84991BD458A300593B96 /* CitizenDetailController.h */,
				1E5C849A1BD458A300593B96 /* CitizenDetailController.m */,
			);
			name = Citizen;
			sourceTree = "<group>";
		};
		1E5C84901BD41FCF00593B96 /* Search */ = {
			isa = PBXGroup;
			children = (
				1E5C848D1BD4139100593B96 /* SearchController.h */,
				1E5C848E1BD4139100593B96 /* SearchController.m */,
			);
			name = Search;
			sourceTree = "<group>";
		};
		1E5C84921BD4223D00593B96 /* Cadastre Area */ = {
			isa = PBXGroup;
			children = (
				1EEBCDED1BC97A6400809DC2 /* CadastreArea.h */,
				1EEBCDEE1BC97A6400809DC2 /* CadastreArea.m */,
				1E5C84931BD4225C00593B96 /* CadastreAreaNodeByName.h */,
				1E5C84941BD4225C00593B96 /* CadastreAreaNodeByName.m */,
				1E5C84961BD4261100593B96 /* CadastreAreaNodeByNumber.h */,
				1E5C84971BD4261100593B96 /* CadastreAreaNodeByNumber.m */,
			);
			name = "Cadastre Area";
			sourceTree = "<group>";
		};
		1E769B581BD7E301007BEE42 /* CSV */ = {
			isa = PBXGroup;
			children = (
				1E769B551BD7E2FD007BEE42 /* CSVLoader.h */,
				1E769B561BD7E2FD007BEE42 /* CSVLoader.m */,
			);
			name = CSV;
			sourceTree = "<group>";
		};
		1E769B591BD829D8007BEE42 /* Citizen */ = {
			isa = PBXGroup;
			children = (
				1EEBCDD51BC9720D00809DC2 /* Citizen.h */,
				1EEBCDD61BC9720D00809DC2 /* Citizen.m */,
			);
			name = Citizen;
			sourceTree = "<group>";
		};
		1E769B5A1BD829E0007BEE42 /* Property List */ = {
			isa = PBXGroup;
			children = (
				1EEBCDF31BC97A9300809DC2 /* Shareholding.h */,
				1EEBCDF41BC97A9300809DC2 /* Shareholding.m */,
				1EEBCDF61BC97AAF00809DC2 /* PropertyList.h */,
				1EEBCDF71BC97AAF00809DC2 /* PropertyList.m */,
			);
			name = "Property List";
			sourceTree = "<group>";
		};
		1E769B5B1BD829F0007BEE42 /* Property */ = {
			isa = PBXGroup;
			children = (
				1EEBCDEA1BC97A0B00809DC2 /* Property.h */,
				1EEBCDEB1BC97A0B00809DC2 /* Property.m */,
			);
			name = Property;
			sourceTree = "<group>";
		};
		1EEBCDE51BC9724E00809DC2 /* Treap */ = {
			isa = PBXGroup;
			children = (
				1EEBCDD71BC9720D00809DC2 /* TestObject.h */,
				1EEBCDD81BC9720D00809DC2 /* TestObject.m */,
				1EEBCDD91BC9720D00809DC2 /* Treap.h */,
				1EEBCDDA1BC9720D00809DC2 /* Treap.m */,
				1EEBCDDB1BC9720D00809DC2 /* TreapNode.h */,
				1EEBCDDC1BC9720D00809DC2 /* TreapNode.m */,
			);
			name = Treap;
			sourceTree = "<group>";
		};
		1EEBCDE61BC9725700809DC2 /* Model */ = {
			isa = PBXGroup;
			children = (
				1EEBCDF01BC97A8200809DC2 /* Cadastre.h */,
				1EEBCDF11BC97A8200809DC2 /* Cadastre.m */,
				1E5C84921BD4223D00593B96 /* Cadastre Area */,
				1E769B591BD829D8007BEE42 /* Citizen */,
				1E769B5A1BD829E0007BEE42 /* Property List */,
				1E769B5B1BD829F0007BEE42 /* Property */,
			);
			name = Model;
			sourceTree = "<group>";
		};
		1EEBCDE71BC9725D00809DC2 /* Linked List */ = {
			isa = PBXGroup;
			children = (
				1EEBCDD11BC9720D00809DC2 /* LinkedList.h */,
				1EEBCDD21BC9720D00809DC2 /* LinkedList.m */,
				1EEBCDD31BC9720D00809DC2 /* LLNode.h */,
				1EEBCDD41BC9720D00809DC2 /* LLNode.m */,
			);
			name = "Linked List";
			sourceTree = "<group>";
		};
		1EEBCDE81BC9726600809DC2 /* BS Tree */ = {
			isa = PBXGroup;
			children = (
				1EEBCDCE1BC9720D00809DC2 /* BSNodeData.h */,
				1EEBCDCC1BC9720D00809DC2 /* BSNode.h */,
				1EEBCDCD1BC9720D00809DC2 /* BSNode.m */,
				1EEBCDCF1BC9720D00809DC2 /* BSTree.h */,
				1EEBCDD01BC9720D00809DC2 /* BSTree.m */,
			);
			name = "BS Tree";
			sourceTree = "<group>";
		};
		1EEBCDE91BC9728200809DC2 /* Structures */ = {
			isa = PBXGroup;
			children = (
				1EEBCDE71BC9725D00809DC2 /* Linked List */,
				1EEBCDE81BC9726600809DC2 /* BS Tree */,
				1EEBCDE51BC9724E00809DC2 /* Treap */,
			);
			name = Structures;
			sourceTree = "<group>";
		};
/* End PBXGroup section */

/* Begin PBXNativeTarget section */
		1E34EC291BC96D6100AE67D8 /* cadastre */ = {
			isa = PBXNativeTarget;
			buildConfigurationList = 1E34EC411BC96D6100AE67D8 /* Build configuration list for PBXNativeTarget "cadastre" */;
			buildPhases = (
				1E34EC261BC96D6100AE67D8 /* Sources */,
				1E34EC271BC96D6100AE67D8 /* Frameworks */,
				1E34EC281BC96D6100AE67D8 /* Resources */,
			);
			buildRules = (
			);
			dependencies = (
			);
			name = cadastre;
			productName = cadastre;
			productReference = 1E34EC2A1BC96D6100AE67D8 /* cadastre.app */;
			productType = "com.apple.product-type.application";
		};
/* End PBXNativeTarget section */

/* Begin PBXProject section */
		1E34EC221BC96D6100AE67D8 /* Project object */ = {
			isa = PBXProject;
			attributes = {
				LastUpgradeCheck = 0700;
				ORGANIZATIONNAME = "Maros Novak";
				TargetAttributes = {
					1E34EC291BC96D6100AE67D8 = {
						CreatedOnToolsVersion = 7.0.1;
					};
				};
			};
			buildConfigurationList = 1E34EC251BC96D6100AE67D8 /* Build configuration list for PBXProject "cadastre" */;
			compatibilityVersion = "Xcode 3.2";
			developmentRegion = English;
			hasScannedForEncodings = 0;
			knownRegions = (
				en,
				Base,
			);
			mainGroup = 1E34EC211BC96D6100AE67D8;
			productRefGroup = 1E34EC2B1BC96D6100AE67D8 /* Products */;
			projectDirPath = "";
			projectRoot = "";
			targets = (
				1E34EC291BC96D6100AE67D8 /* cadastre */,
			);
		};
/* End PBXProject section */

/* Begin PBXResourcesBuildPhase section */
		1E34EC281BC96D6100AE67D8 /* Resources */ = {
			isa = PBXResourcesBuildPhase;
			buildActionMask = 2147483647;
			files = (
				1E34EC3A1BC96D6100AE67D8 /* Assets.xcassets in Resources */,
				1E34EC381BC96D6100AE67D8 /* Main.storyboard in Resources */,
			);
			runOnlyForDeploymentPostprocessing = 0;
		};
/* End PBXResourcesBuildPhase section */

/* Begin PBXSourcesBuildPhase section */
		1E34EC261BC96D6100AE67D8 /* Sources */ = {
			isa = PBXSourcesBuildPhase;
			buildActionMask = 2147483647;
			files = (
				1E5C84981BD4261100593B96 /* CadastreAreaNodeByNumber.m in Sources */,
				1EEBCDE41BC9720D00809DC2 /* TreapNode.m in Sources */,
				1E5C84821BD3EF6100593B96 /* CadastreAreaController.m in Sources */,
				1EEBCDEF1BC97A6400809DC2 /* CadastreArea.m in Sources */,
				1E5C848F1BD4139100593B96 /* SearchController.m in Sources */,
				1E5C849B1BD458A300593B96 /* CitizenDetailController.m in Sources */,
				1EEBCDE31BC9720D00809DC2 /* Treap.m in Sources */,
				1E769B571BD7E2FD007BEE42 /* CSVLoader.m in Sources */,
				1EEBCDEC1BC97A0B00809DC2 /* Property.m in Sources */,
				1E769B5E1BD85B3C007BEE42 /* CadastreAreaDetailController.m in Sources */,
				1EEBCDF51BC97A9300809DC2 /* Shareholding.m in Sources */,
				1EEBCDDF1BC9720D00809DC2 /* LinkedList.m in Sources */,
				1E5C84951BD4225C00593B96 /* CadastreAreaNodeByName.m in Sources */,
				1EEBCDDE1BC9720D00809DC2 /* BSTree.m in Sources */,
				1E5C847F1BD3EF3900593B96 /* PropertyController.m in Sources */,
				1EEBCDE01BC9720D00809DC2 /* LLNode.m in Sources */,
				1E34EC321BC96D6100AE67D8 /* AppDelegate.m in Sources */,
				1EEBCDF81BC97AAF00809DC2 /* PropertyList.m in Sources */,
				1E5C847C1BD3EF1E00593B96 /* CitizenController.m in Sources */,
				1EEBCDE11BC9720D00809DC2 /* Citizen.m in Sources */,
				1EEBCDDD1BC9720D00809DC2 /* BSNode.m in Sources */,
				1EEBCDE21BC9720D00809DC2 /* TestObject.m in Sources */,
				1EEBCDF21BC97A8200809DC2 /* Cadastre.m in Sources */,
				1E5C84851BD3EF7100593B96 /* PropertyListController.m in Sources */,
				1E34EC2F1BC96D6100AE67D8 /* main.m in Sources */,
			);
			runOnlyForDeploymentPostprocessing = 0;
		};
/* End PBXSourcesBuildPhase section */

/* Begin PBXVariantGroup section */
		1E34EC361BC96D6100AE67D8 /* Main.storyboard */ = {
			isa = PBXVariantGroup;
			children = (
				1E34EC371BC96D6100AE67D8 /* Base */,
			);
			name = Main.storyboard;
			sourceTree = "<group>";
		};
/* End PBXVariantGroup section */

/* Begin XCBuildConfiguration section */
		1E34EC3F1BC96D6100AE67D8 /* Debug */ = {
			isa = XCBuildConfiguration;
			buildSettings = {
				ALWAYS_SEARCH_USER_PATHS = NO;
				CLANG_CXX_LANGUAGE_STANDARD = "gnu++0x";
				CLANG_CXX_LIBRARY = "libc++";
				CLANG_ENABLE_MODULES = YES;
				CLANG_ENABLE_OBJC_ARC = YES;
				CLANG_WARN_BOOL_CONVERSION = YES;
				CLANG_WARN_CONSTANT_CONVERSION = YES;
				CLANG_WARN_DIRECT_OBJC_ISA_USAGE = YES_ERROR;
				CLANG_WARN_EMPTY_BODY = YES;
				CLANG_WARN_ENUM_CONVERSION = YES;
				CLANG_WARN_INT_CONVERSION = YES;
				CLANG_WARN_OBJC_ROOT_CLASS = YES_ERROR;
				CLANG_WARN_UNREACHABLE_CODE = YES;
				CLANG_WARN__DUPLICATE_METHOD_MATCH = YES;
				"CODE_SIGN_IDENTITY[sdk=iphoneos*]" = "iPhone Developer";
				COPY_PHASE_STRIP = NO;
				DEBUG_INFORMATION_FORMAT = dwarf;
				ENABLE_STRICT_OBJC_MSGSEND = YES;
				ENABLE_TESTABILITY = YES;
				GCC_C_LANGUAGE_STANDARD = gnu99;
				GCC_DYNAMIC_NO_PIC = NO;
				GCC_NO_COMMON_BLOCKS = YES;
				GCC_OPTIMIZATION_LEVEL = 0;
				GCC_PREPROCESSOR_DEFINITIONS = (
					"DEBUG=1",
					"$(inherited)",
				);
				GCC_WARN_64_TO_32_BIT_CONVERSION = YES;
				GCC_WARN_ABOUT_RETURN_TYPE = YES_ERROR;
				GCC_WARN_UNDECLARED_SELECTOR = YES;
				GCC_WARN_UNINITIALIZED_AUTOS = YES_AGGRESSIVE;
				GCC_WARN_UNUSED_FUNCTION = YES;
				GCC_WARN_UNUSED_VARIABLE = YES;
				IPHONEOS_DEPLOYMENT_TARGET = 9.0;
				MTL_ENABLE_DEBUG_INFO = YES;
				ONLY_ACTIVE_ARCH = YES;
				SDKROOT = iphoneos;
				TARGETED_DEVICE_FAMILY = "1,2";
			};
			name = Debug;
		};
		1E34EC401BC96D6100AE67D8 /* Release */ = {
			isa = XCBuildConfiguration;
			buildSettings = {
				ALWAYS_SEARCH_USER_PATHS = NO;
				CLANG_CXX_LANGUAGE_STANDARD = "gnu++0x";
				CLANG_CXX_LIBRARY = "libc++";
				CLANG_ENABLE_MODULES = YES;
				CLANG_ENABLE_OBJC_ARC = YES;
				CLANG_WARN_BOOL_CONVERSION = YES;
				CLANG_WARN_CONSTANT_CONVERSION = YES;
				CLANG_WARN_DIRECT_OBJC_ISA_USAGE = YES_ERROR;
				CLANG_WARN_EMPTY_BODY = YES;
				CLANG_WARN_ENUM_CONVERSION = YES;
				CLANG_WARN_INT_CONVERSION = YES;
				CLANG_WARN_OBJC_ROOT_CLASS = YES_ERROR;
				CLANG_WARN_UNREACHABLE_CODE = YES;
				CLANG_WARN__DUPLICATE_METHOD_MATCH = YES;
				"CODE_SIGN_IDENTITY[sdk=iphoneos*]" = "iPhone Developer";
				COPY_PHASE_STRIP = NO;
				DEBUG_INFORMATION_FORMAT = "dwarf-with-dsym";
				ENABLE_NS_ASSERTIONS = NO;
				ENABLE_STRICT_OBJC_MSGSEND = YES;
				GCC_C_LANGUAGE_STANDARD = gnu99;
				GCC_NO_COMMON_BLOCKS = YES;
				GCC_WARN_64_TO_32_BIT_CONVERSION = YES;
				GCC_WARN_ABOUT_RETURN_TYPE = YES_ERROR;
				GCC_WARN_UNDECLARED_SELECTOR = YES;
				GCC_WARN_UNINITIALIZED_AUTOS = YES_AGGRESSIVE;
				GCC_WARN_UNUSED_FUNCTION = YES;
				GCC_WARN_UNUSED_VARIABLE = YES;
				IPHONEOS_DEPLOYMENT_TARGET = 9.0;
				MTL_ENABLE_DEBUG_INFO = NO;
				SDKROOT = iphoneos;
				TARGETED_DEVICE_FAMILY = "1,2";
				VALIDATE_PRODUCT = YES;
			};
			name = Release;
		};
		1E34EC421BC96D6100AE67D8 /* Debug */ = {
			isa = XCBuildConfiguration;
			buildSettings = {
				ASSETCATALOG_COMPILER_APPICON_NAME = AppIcon;
				INFOPLIST_FILE = cadastre/Info.plist;
				LD_RUNPATH_SEARCH_PATHS = "$(inherited) @executable_path/Frameworks";
				PRODUCT_BUNDLE_IDENTIFIER = fri.uniza.cadastre;
				PRODUCT_NAME = "$(TARGET_NAME)";
			};
			name = Debug;
		};
		1E34EC431BC96D6100AE67D8 /* Release */ = {
			isa = XCBuildConfiguration;
			buildSettings = {
				ASSETCATALOG_COMPILER_APPICON_NAME = AppIcon;
				INFOPLIST_FILE = cadastre/Info.plist;
				LD_RUNPATH_SEARCH_PATHS = "$(inherited) @executable_path/Frameworks";
				PRODUCT_BUNDLE_IDENTIFIER = fri.uniza.cadastre;
				PRODUCT_NAME = "$(TARGET_NAME)";
			};
			name = Release;
		};
/* End XCBuildConfiguration section */

/* Begin XCConfigurationList section */
		1E34EC251BC96D6100AE67D8 /* Build configuration list for PBXProject "cadastre" */ = {
			isa = XCConfigurationList;
			buildConfigurations = (
				1E34EC3F1BC96D6100AE67D8 /* Debug */,
				1E34EC401BC96D6100AE67D8 /* Release */,
			);
			defaultConfigurationIsVisible = 0;
			defaultConfigurationName = Release;
		};
		1E34EC411BC96D6100AE67D8 /* Build configuration list for PBXNativeTarget "cadastre" */ = {
			isa = XCConfigurationList;
			buildConfigurations = (
				1E34EC421BC96D6100AE67D8 /* Debug */,
				1E34EC431BC96D6100AE67D8 /* Release */,
			);
			defaultConfigurationIsVisible = 0;
			defaultConfigurationName = Release;
		};
/* End XCConfigurationList section */
	};
	rootObject = 1E34EC221BC96D6100AE67D8 /* Project object */;
}
